{
    "_readme": [
        "This file locks the dependencies of your project to a known state",
        "Read more about it at https://getcomposer.org/doc/01-basic-usage.md#installing-dependencies",
        "This file is @generated automatically"
    ],
    "content-hash": "16a10f713d2de5b2ea788fdebcf4f422",
    "packages": [
        {
            "name": "afipsdk/afip.php",
            "version": "v0.6.1",
            "source": {
                "type": "git",
                "url": "https://github.com/AfipSDK/afip.php.git",
                "reference": "f7c99bad58fc22ec374e7648648b996794b73caf"
            },
            "dist": {
                "type": "zip",
                "url": "https://api.github.com/repos/AfipSDK/afip.php/zipball/f7c99bad58fc22ec374e7648648b996794b73caf",
                "reference": "f7c99bad58fc22ec374e7648648b996794b73caf",
                "shasum": ""
            },
            "require": {
                "php": ">=5.3.3"
            },
            "type": "library",
            "autoload": {
                "files": [
                    "src/Afip.php"
                ]
            },
            "notification-url": "https://packagist.org/downloads/",
            "license": [
                "MIT"
            ],
            "authors": [
                {
                    "name": "Afip SDK",
                    "email": "afipsdk@gmail.com"
                }
            ],
            "description": "Libreria para usar los Web Services de AFIP (Argentina) ",
            "homepage": "https://github.com/afipsdk/afip.php",
            "keywords": [
                "afip",
                "cae",
                "contribuyente",
                "facturacion-electronica",
                "gratis",
                "libreria",
                "padron",
                "soap"
            ],
            "time": "2019-09-09T23:26:35+00:00"
        }
    ],
    "packages-dev": [],
    "aliases": [],
    "minimum-stability": "stable",
    "stability-flags": [],
    "prefer-stable": false,
    "prefer-lowest": false,
    "platform": [],
    "platform-dev": [],
    "plugin-api-version": "1.1.0"
}
